<?xml version="1.0" encoding="utf-8"?>
<Project xmlns="http://schemas.microsoft.com/developer/msbuild/2003">
  <ItemGroup>
    <Filter Include="Form Files">
      <UniqueIdentifier>{99349809-55BA-4b9d-BF79-8FDBB0286EB3}</UniqueIdentifier>
      <Extensions>ui</Extensions>
      <ParseFiles>false</ParseFiles>
    </Filter>
    <Filter Include="Form Files">
      <UniqueIdentifier>{99349809-55BA-4b9d-BF79-8FDBB0286EB3}</UniqueIdentifier>
      <Extensions>ui</Extensions>
      <ParseFiles>false</ParseFiles>
    </Filter>
    <Filter Include="Generated Files">
      <UniqueIdentifier>{71ED8ED8-ACB9-4CE9-BBE1-E00B30144E11}</UniqueIdentifier>
      <Extensions>cpp;c;cxx;moc;h;def;odl;idl;res;</Extensions>
    </Filter>
    <Filter Include="Generated Files">
      <UniqueIdentifier>{71ED8ED8-ACB9-4CE9-BBE1-E00B30144E11}</UniqueIdentifier>
      <Extensions>cpp;c;cxx;moc;h;def;odl;idl;res;</Extensions>
    </Filter>
    <Filter Include="Header Files">
      <UniqueIdentifier>{93995380-89BD-4b04-88EB-625FBE52EBFB}</UniqueIdentifier>
      <Extensions>h;hpp;hxx;hm;inl;inc;xsd</Extensions>
    </Filter>
    <Filter Include="Header Files">
      <UniqueIdentifier>{93995380-89BD-4b04-88EB-625FBE52EBFB}</UniqueIdentifier>
      <Extensions>h;hpp;hxx;hm;inl;inc;xsd</Extensions>
    </Filter>
    <Filter Include="Source Files">
      <UniqueIdentifier>{4FC737F1-C7A5-4376-A066-2A32D752A2FF}</UniqueIdentifier>
      <Extensions>cpp;c;cxx;def;odl;idl;hpj;bat;asm;asmx</Extensions>
    </Filter>
    <Filter Include="Source Files">
      <UniqueIdentifier>{4FC737F1-C7A5-4376-A066-2A32D752A2FF}</UniqueIdentifier>
      <Extensions>cpp;c;cxx;def;odl;idl;hpj;bat;asm;asmx</Extensions>
    </Filter>
    <Filter Include="Distribution Files">
      <UniqueIdentifier>{B83CAF91-C7BF-462F-B76C-EA11631F866C}</UniqueIdentifier>
      <Extensions>*</Extensions>
      <ParseFiles>false</ParseFiles>
    </Filter>
    <Filter Include="Distribution Files">
      <UniqueIdentifier>{B83CAF91-C7BF-462F-B76C-EA11631F866C}</UniqueIdentifier>
      <Extensions>*</Extensions>
      <ParseFiles>false</ParseFiles>
    </Filter>
  </ItemGroup>
  <ItemGroup>
    <ClCompile Include="Shaders\colorshader.cpp">
      <Filter>Source Files</Filter>
    </ClCompile>
    <ClCompile Include="Shaders\guishader.cpp">
      <Filter>Source Files</Filter>
    </ClCompile>
    <ClCompile Include="Script\jstimer.cpp">
      <Filter>Source Files</Filter>
    </ClCompile>
    <ClCompile Include="Shaders\phongshader.cpp">
      <Filter>Source Files</Filter>
    </ClCompile>
    <ClCompile Include="Shaders\plainshader.cpp">
      <Filter>Source Files</Filter>
    </ClCompile>
    <ClCompile Include="Shaders\shader.cpp">
      <Filter>Source Files</Filter>
    </ClCompile>
    <ClCompile Include="Shaders\textureshader.cpp">
      <Filter>Source Files</Filter>
    </ClCompile>
    <ClCompile Include="src\Systems\bsplinesystem.cpp">
      <Filter>Source Files</Filter>
    </ClCompile>
    <ClCompile Include="src\Systems\camerasystem.cpp">
      <Filter>Source Files</Filter>
    </ClCompile>
    <ClCompile Include="src\Systems\collisionsystem.cpp">
      <Filter>Source Files</Filter>
    </ClCompile>
    <ClCompile Include="src\Systems\inputsystem.cpp">
      <Filter>Source Files</Filter>
    </ClCompile>
    <ClCompile Include="src\Systems\npcsystem.cpp">
      <Filter>Source Files</Filter>
    </ClCompile>
    <ClCompile Include="src\Systems\projectilesystem.cpp">
      <Filter>Source Files</Filter>
    </ClCompile>
    <ClCompile Include="src\Systems\rendersystem.cpp">
      <Filter>Source Files</Filter>
    </ClCompile>
    <ClCompile Include="src\Systems\rendersystem2d.cpp">
      <Filter>Source Files</Filter>
    </ClCompile>
    <ClCompile Include="src\Systems\scenesystem.cpp">
      <Filter>Source Files</Filter>
    </ClCompile>
    <ClCompile Include="src\Systems\scriptsystem.cpp">
      <Filter>Source Files</Filter>
    </ClCompile>
    <ClCompile Include="src\Systems\soundsystem.cpp">
      <Filter>Source Files</Filter>
    </ClCompile>
    <ClCompile Include="src\Systems\system.cpp">
      <Filter>Source Files</Filter>
    </ClCompile>
    <ClCompile Include="src\Windows\vector3dpicker.cpp">
      <Filter>Source Files</Filter>
    </ClCompile>
    <ClCompile Include="src\Widgets\addcomponentwidget.cpp">
      <Filter>Source Files</Filter>
    </ClCompile>
    <ClCompile Include="src\Widgets\bsplinewidget.cpp">
      <Filter>Source Files</Filter>
    </ClCompile>
    <ClCompile Include="src\Widgets\collisionwidget.cpp">
      <Filter>Source Files</Filter>
    </ClCompile>
    <ClCompile Include="src\Widgets\guiwidget.cpp">
      <Filter>Source Files</Filter>
    </ClCompile>
    <ClCompile Include="src\Widgets\inputwidget.cpp">
      <Filter>Source Files</Filter>
    </ClCompile>
    <ClCompile Include="src\Widgets\materialwidget.cpp">
      <Filter>Source Files</Filter>
    </ClCompile>
    <ClCompile Include="src\Widgets\meshwidget.cpp">
      <Filter>Source Files</Filter>
    </ClCompile>
    <ClCompile Include="src\Widgets\projectilewidget.cpp">
      <Filter>Source Files</Filter>
    </ClCompile>
    <ClCompile Include="src\Widgets\scriptwidget.cpp">
      <Filter>Source Files</Filter>
    </ClCompile>
    <ClCompile Include="src\Widgets\soundwidget.cpp">
      <Filter>Source Files</Filter>
    </ClCompile>
    <ClCompile Include="src\Widgets\transformwidget.cpp">
      <Filter>Source Files</Filter>
    </ClCompile>
    <ClCompile Include="src\Managers\shadermanager.cpp">
      <Filter>Source Files</Filter>
    </ClCompile>
    <ClCompile Include="src\Managers\soundmanager.cpp">
      <Filter>Source Files</Filter>
    </ClCompile>
    <ClCompile Include="src\Factories\guifactory.cpp">
      <Filter>Source Files</Filter>
    </ClCompile>
    <ClCompile Include="src\Factories\resourcefactory.cpp">
      <Filter>Source Files</Filter>
    </ClCompile>
    <ClCompile Include="src\Factories\texturefactory.cpp">
      <Filter>Source Files</Filter>
    </ClCompile>
    <ClCompile Include="src\GSL\gsl_math.cpp">
      <Filter>Source Files</Filter>
    </ClCompile>
    <ClCompile Include="src\GSL\gsl_math_extensions.cpp">
      <Filter>Source Files</Filter>
    </ClCompile>
    <ClCompile Include="src\GSL\matrix2x2.cpp">
      <Filter>Source Files</Filter>
    </ClCompile>
    <ClCompile Include="src\GSL\matrix3x3.cpp">
      <Filter>Source Files</Filter>
    </ClCompile>
    <ClCompile Include="src\GSL\matrix4x4.cpp">
      <Filter>Source Files</Filter>
    </ClCompile>
    <ClCompile Include="src\GSL\vector2d.cpp">
      <Filter>Source Files</Filter>
    </ClCompile>
    <ClCompile Include="src\GSL\vector3d.cpp">
      <Filter>Source Files</Filter>
    </ClCompile>
    <ClCompile Include="src\GSL\vector4d.cpp">
      <Filter>Source Files</Filter>
    </ClCompile>
    <ClCompile Include="src\Handlers\wavfilehandler.cpp">
      <Filter>Source Files</Filter>
    </ClCompile>
    <ClCompile Include="src\Components\bspline.cpp">
      <Filter>Source Files</Filter>
    </ClCompile>
    <ClCompile Include="src\Components\camera.cpp">
      <Filter>Source Files</Filter>
    </ClCompile>
    <ClCompile Include="src\Components\collision.cpp">
      <Filter>Source Files</Filter>
    </ClCompile>
    <ClCompile Include="src\Components\component.cpp">
      <Filter>Source Files</Filter>
    </ClCompile>
    <ClCompile Include="src\Components\entitydata.cpp">
      <Filter>Source Files</Filter>
    </ClCompile>
    <ClCompile Include="src\Components\gui.cpp">
      <Filter>Source Files</Filter>
    </ClCompile>
    <ClCompile Include="src\Components\input.cpp">
      <Filter>Source Files</Filter>
    </ClCompile>
    <ClCompile Include="src\Components\light.cpp">
      <Filter>Source Files</Filter>
    </ClCompile>
    <ClCompile Include="src\Components\material.cpp">
      <Filter>Source Files</Filter>
    </ClCompile>
    <ClCompile Include="src\Components\mesh.cpp">
      <Filter>Source Files</Filter>
    </ClCompile>
    <ClCompile Include="src\Components\npc.cpp">
      <Filter>Source Files</Filter>
    </ClCompile>
    <ClCompile Include="src\Components\projectile.cpp">
      <Filter>Source Files</Filter>
    </ClCompile>
    <ClCompile Include="src\Components\script.cpp">
      <Filter>Source Files</Filter>
    </ClCompile>
    <ClCompile Include="src\Components\sound.cpp">
      <Filter>Source Files</Filter>
    </ClCompile>
    <ClCompile Include="src\Components\transform.cpp">
      <Filter>Source Files</Filter>
    </ClCompile>
    <ClCompile Include="src\app.cpp">
      <Filter>Source Files</Filter>
    </ClCompile>
    <ClCompile Include="src\bsplinecurve.cpp">
      <Filter>Source Files</Filter>
    </ClCompile>
    <ClCompile Include="src\eventhandler.cpp">
      <Filter>Source Files</Filter>
    </ClCompile>
    <ClCompile Include="src\jsonscene.cpp">
      <Filter>Source Files</Filter>
    </ClCompile>
    <ClCompile Include="src\mainwindow.cpp">
      <Filter>Source Files</Filter>
    </ClCompile>
    <ClCompile Include="src\octahedronball.cpp">
      <Filter>Source Files</Filter>
    </ClCompile>
    <ClCompile Include="src\renderwindow.cpp">
      <Filter>Source Files</Filter>
    </ClCompile>
    <ClCompile Include="src\soundsource.cpp">
      <Filter>Source Files</Filter>
    </ClCompile>
    <ClCompile Include="src\texture.cpp">
      <Filter>Source Files</Filter>
    </ClCompile>
    <ClCompile Include="src\world.cpp">
      <Filter>Source Files</Filter>
    </ClCompile>
    <ClCompile Include="src\vertex.cpp">
      <Filter>Source Files</Filter>
    </ClCompile>
    <ClCompile Include="src\main.cpp">
      <Filter>Source Files</Filter>
    </ClCompile>
  </ItemGroup>
  <ItemGroup>
    <ClInclude Include="Shaders\colorshader.h">
      <Filter>Header Files</Filter>
    </ClInclude>
    <ClInclude Include="Shaders\guishader.h">
      <Filter>Header Files</Filter>
    </ClInclude>
    <QtMoc Include="Script\jstimer.h">
      <Filter>Header Files</Filter>
    </QtMoc>
    <ClInclude Include="Shaders\phongshader.h">
      <Filter>Header Files</Filter>
    </ClInclude>
    <ClInclude Include="Shaders\plainshader.h">
      <Filter>Header Files</Filter>
    </ClInclude>
    <ClInclude Include="Shaders\shader.h">
      <Filter>Header Files</Filter>
    </ClInclude>
    <ClInclude Include="Shaders\textureshader.h">
      <Filter>Header Files</Filter>
    </ClInclude>
    <QtMoc Include="src\Systems\collisionsystem.h">
      <Filter>Header Files</Filter>
    </QtMoc>
    <QtMoc Include="src\Systems\scriptsystem.h">
      <Filter>Header Files</Filter>
    </QtMoc>
    <QtMoc Include="src\Systems\system.h">
      <Filter>Header Files</Filter>
    </QtMoc>
    <QtMoc Include="src\Windows\vector3dpicker.h">
      <Filter>Header Files</Filter>
    </QtMoc>
    <ClInclude Include="src\Widgets\allcomponentwidgets.h">
      <Filter>Header Files</Filter>
    </ClInclude>
    <ClInclude Include="src\Managers\componentManager.h">
      <Filter>Header Files</Filter>
    </ClInclude>
    <ClInclude Include="src\Managers\entitymanager.h">
      <Filter>Header Files</Filter>
    </ClInclude>
    <ClInclude Include="src\Managers\shadermanager.h">
      <Filter>Header Files</Filter>
    </ClInclude>
    <ClInclude Include="src\Managers\soundmanager.h">
      <Filter>Header Files</Filter>
    </ClInclude>
    <ClInclude Include="src\Managers\systemManager.h">
      <Filter>Header Files</Filter>
    </ClInclude>
    <ClInclude Include="src\Factories\guifactory.h">
      <Filter>Header Files</Filter>
    </ClInclude>
    <ClInclude Include="src\Factories\resourcefactory.h">
      <Filter>Header Files</Filter>
    </ClInclude>
    <ClInclude Include="src\Factories\texturefactory.h">
      <Filter>Header Files</Filter>
    </ClInclude>
    <ClInclude Include="src\GSL\gsl_math.h">
      <Filter>Header Files</Filter>
    </ClInclude>
    <ClInclude Include="src\GSL\gsl_math_extensions.h">
      <Filter>Header Files</Filter>
    </ClInclude>
    <ClInclude Include="src\GSL\math_constants.h">
      <Filter>Header Files</Filter>
    </ClInclude>
    <ClInclude Include="src\GSL\matrix2x2.h">
      <Filter>Header Files</Filter>
    </ClInclude>
    <ClInclude Include="src\GSL\matrix3x3.h">
      <Filter>Header Files</Filter>
    </ClInclude>
    <ClInclude Include="src\GSL\matrix4x4.h">
      <Filter>Header Files</Filter>
    </ClInclude>
    <ClInclude Include="src\GSL\vector2d.h">
      <Filter>Header Files</Filter>
    </ClInclude>
    <ClInclude Include="src\GSL\vector3d.h">
      <Filter>Header Files</Filter>
    </ClInclude>
    <ClInclude Include="src\GSL\vector4d.h">
      <Filter>Header Files</Filter>
    </ClInclude>
    <ClInclude Include="src\Handlers\wavfilehandler.h">
      <Filter>Header Files</Filter>
    </ClInclude>
    <ClInclude Include="src\bsplinecurve.h">
      <Filter>Header Files</Filter>
    </ClInclude>
    <ClInclude Include="src\constants.h">
      <Filter>Header Files</Filter>
    </ClInclude>
    <ClInclude Include="src\gltypes.h">
      <Filter>Header Files</Filter>
    </ClInclude>
    <ClInclude Include="src\hitresult.h">
      <Filter>Header Files</Filter>
    </ClInclude>
    <ClInclude Include="src\jsonscene.h">
      <Filter>Header Files</Filter>
    </ClInclude>
    <ClInclude Include="src\octahedronball.h">
      <Filter>Header Files</Filter>
    </ClInclude>
    <ClInclude Include="src\soundsource.h">
      <Filter>Header Files</Filter>
    </ClInclude>
    <ClInclude Include="src\texture.h">
      <Filter>Header Files</Filter>
    </ClInclude>
    <ClInclude Include="src\types.h">
      <Filter>Header Files</Filter>
    </ClInclude>
    <ClInclude Include="src\vertex.h">
      <Filter>Header Files</Filter>
    </ClInclude>
  </ItemGroup>
  <ItemGroup>
    <CustomBuild Include="debug\moc_predefs.h.cbt">
      <Filter>Generated Files</Filter>
    </CustomBuild>
    <CustomBuild Include="release\moc_predefs.h.cbt">
      <Filter>Generated Files</Filter>
    </CustomBuild>
  </ItemGroup>
  <ItemGroup>
    <QtUic Include="src\Windows\vector3dpicker.ui">
      <Filter>Form Files</Filter>
    </QtUic>
    <QtUic Include="src\Widgets\addcomponentwidget.ui">
      <Filter>Form Files</Filter>
    </QtUic>
    <QtUic Include="src\Widgets\bsplinewidget.ui">
      <Filter>Form Files</Filter>
    </QtUic>
    <QtUic Include="src\Widgets\collisionwidget.ui">
      <Filter>Form Files</Filter>
    </QtUic>
    <QtUic Include="src\Widgets\guiwidget.ui">
      <Filter>Form Files</Filter>
    </QtUic>
    <QtUic Include="src\Widgets\inputwidget.ui">
      <Filter>Form Files</Filter>
    </QtUic>
    <QtUic Include="src\Widgets\materialwidget.ui">
      <Filter>Form Files</Filter>
    </QtUic>
    <QtUic Include="src\Widgets\meshwidget.ui">
      <Filter>Form Files</Filter>
    </QtUic>
    <QtUic Include="src\Widgets\projectilewidget.ui">
      <Filter>Form Files</Filter>
    </QtUic>
    <QtUic Include="src\Widgets\scriptwidget.ui">
      <Filter>Form Files</Filter>
    </QtUic>
    <QtUic Include="src\Widgets\soundwidget.ui">
      <Filter>Form Files</Filter>
    </QtUic>
    <QtUic Include="src\Widgets\transformwidget.ui">
      <Filter>Form Files</Filter>
    </QtUic>
    <QtUic Include="src\mainwindow.ui">
      <Filter>Form Files</Filter>
    </QtUic>
  </ItemGroup>
  <ItemGroup>
    <None Include="README.md">
      <Filter>Distribution Files</Filter>
    </None>
    <None Include="Shaders\colorshader.frag">
      <Filter>Distribution Files</Filter>
    </None>
    <None Include="Shaders\colorshader.vert">
      <Filter>Distribution Files</Filter>
    </None>
    <None Include="Shaders\guishader.frag">
      <Filter>Distribution Files</Filter>
    </None>
    <None Include="Shaders\guishader.vert">
      <Filter>Distribution Files</Filter>
    </None>
    <None Include="Shaders\phongshader.frag">
      <Filter>Distribution Files</Filter>
    </None>
    <None Include="Shaders\phongshader.vert">
      <Filter>Distribution Files</Filter>
    </None>
    <None Include="Shaders\plainshader.frag">
      <Filter>Distribution Files</Filter>
    </None>
    <None Include="Shaders\plainshader.vert">
      <Filter>Distribution Files</Filter>
    </None>
    <None Include="Shaders\textureshader.frag">
      <Filter>Distribution Files</Filter>
    </None>
    <None Include="Shaders\textureshader.vert">
      <Filter>Distribution Files</Filter>
    </None>
    <None Include="src\GSL\README.md">
      <Filter>Distribution Files</Filter>
    </None>
  </ItemGroup>
  <ItemGroup>
    <ClInclude Include="src\Systems\allsystems.h">
      <Filter>Header Files</Filter>
    </ClInclude>
    <ClInclude Include="src\Systems\bsplinesystem.h">
      <Filter>Header Files</Filter>
    </ClInclude>
    <ClInclude Include="src\Systems\camerasystem.h">
      <Filter>Header Files</Filter>
    </ClInclude>
    <ClInclude Include="src\Systems\inputsystem.h">
      <Filter>Header Files</Filter>
    </ClInclude>
    <ClInclude Include="src\Systems\npcsystem.h">
      <Filter>Header Files</Filter>
    </ClInclude>
    <ClInclude Include="src\Systems\projectilesystem.h">
      <Filter>Header Files</Filter>
    </ClInclude>
    <ClInclude Include="src\Systems\rendersystem.h">
      <Filter>Header Files</Filter>
    </ClInclude>
    <ClInclude Include="src\Systems\rendersystem2d.h">
      <Filter>Header Files</Filter>
    </ClInclude>
    <ClInclude Include="src\Systems\scenesystem.h">
      <Filter>Header Files</Filter>
    </ClInclude>
    <ClInclude Include="src\Systems\soundsystem.h">
      <Filter>Header Files</Filter>
    </ClInclude>
    <ClInclude Include="src\Components\allcomponents.h">
      <Filter>Header Files</Filter>
    </ClInclude>
    <ClInclude Include="src\Components\bspline.h">
      <Filter>Header Files</Filter>
    </ClInclude>
    <ClInclude Include="src\Components\camera.h">
      <Filter>Header Files</Filter>
    </ClInclude>
    <ClInclude Include="src\Components\collision.h">
      <Filter>Header Files</Filter>
    </ClInclude>
    <ClInclude Include="src\Components\component.h">
      <Filter>Header Files</Filter>
    </ClInclude>
    <ClInclude Include="src\Components\componentArray.h">
      <Filter>Header Files</Filter>
    </ClInclude>
    <ClInclude Include="src\Components\entitydata.h">
      <Filter>Header Files</Filter>
    </ClInclude>
    <ClInclude Include="src\Components\gui.h">
      <Filter>Header Files</Filter>
    </ClInclude>
    <ClInclude Include="src\Components\input.h">
      <Filter>Header Files</Filter>
    </ClInclude>
    <ClInclude Include="src\Components\light.h">
      <Filter>Header Files</Filter>
    </ClInclude>
    <ClInclude Include="src\Components\material.h">
      <Filter>Header Files</Filter>
    </ClInclude>
    <ClInclude Include="src\Components\mesh.h">
      <Filter>Header Files</Filter>
    </ClInclude>
    <ClInclude Include="src\Components\npc.h">
      <Filter>Header Files</Filter>
    </ClInclude>
    <ClInclude Include="src\Components\projectile.h">
      <Filter>Header Files</Filter>
    </ClInclude>
    <ClInclude Include="src\Components\script.h">
      <Filter>Header Files</Filter>
    </ClInclude>
    <ClInclude Include="src\Components\sound.h">
      <Filter>Header Files</Filter>
    </ClInclude>
    <ClInclude Include="src\Components\transform.h">
      <Filter>Header Files</Filter>
    </ClInclude>
  </ItemGroup>
  <ItemGroup>
    <QtMoc Include="src\Widgets\addcomponentwidget.h">
      <Filter>Header Files</Filter>
    </QtMoc>
    <QtMoc Include="src\Widgets\bsplinewidget.h">
      <Filter>Header Files</Filter>
    </QtMoc>
    <QtMoc Include="src\Widgets\collisionwidget.h">
      <Filter>Header Files</Filter>
    </QtMoc>
    <QtMoc Include="src\Widgets\guiwidget.h">
      <Filter>Header Files</Filter>
    </QtMoc>
    <QtMoc Include="src\Widgets\inputwidget.h">
      <Filter>Header Files</Filter>
    </QtMoc>
    <QtMoc Include="src\Widgets\materialwidget.h">
      <Filter>Header Files</Filter>
    </QtMoc>
    <QtMoc Include="src\Widgets\meshwidget.h">
      <Filter>Header Files</Filter>
    </QtMoc>
    <QtMoc Include="src\Widgets\projectilewidget.h">
      <Filter>Header Files</Filter>
    </QtMoc>
    <QtMoc Include="src\Widgets\scriptwidget.h">
      <Filter>Header Files</Filter>
    </QtMoc>
    <QtMoc Include="src\Widgets\soundwidget.h">
      <Filter>Header Files</Filter>
    </QtMoc>
    <QtMoc Include="src\Widgets\transformwidget.h">
      <Filter>Header Files</Filter>
    </QtMoc>
    <QtMoc Include="src\app.h">
      <Filter>Header Files</Filter>
    </QtMoc>
    <QtMoc Include="src\eventhandler.h">
      <Filter>Header Files</Filter>
    </QtMoc>
    <QtMoc Include="src\mainwindow.h">
      <Filter>Header Files</Filter>
    </QtMoc>
    <QtMoc Include="src\renderwindow.h">
      <Filter>Header Files</Filter>
    </QtMoc>
    <QtMoc Include="src\world.h">
      <Filter>Header Files</Filter>
    </QtMoc>
  </ItemGroup>
</Project>