<?xml version="1.0" encoding="utf-8"?>
<Project xmlns="http://schemas.microsoft.com/developer/msbuild/2003">
  <ItemGroup>
    <Filter Include="Form Files">
      <UniqueIdentifier>{99349809-55BA-4b9d-BF79-8FDBB0286EB3}</UniqueIdentifier>
      <Extensions>ui</Extensions>
      <ParseFiles>false</ParseFiles>
    </Filter>
    <Filter Include="Form Files">
      <UniqueIdentifier>{99349809-55BA-4b9d-BF79-8FDBB0286EB3}</UniqueIdentifier>
      <Extensions>ui</Extensions>
      <ParseFiles>false</ParseFiles>
    </Filter>
    <Filter Include="Generated Files">
      <UniqueIdentifier>{71ED8ED8-ACB9-4CE9-BBE1-E00B30144E11}</UniqueIdentifier>
      <Extensions>cpp;c;cxx;moc;h;def;odl;idl;res;</Extensions>
    </Filter>
    <Filter Include="Generated Files">
      <UniqueIdentifier>{71ED8ED8-ACB9-4CE9-BBE1-E00B30144E11}</UniqueIdentifier>
      <Extensions>cpp;c;cxx;moc;h;def;odl;idl;res;</Extensions>
    </Filter>
    <Filter Include="Header Files">
      <UniqueIdentifier>{93995380-89BD-4b04-88EB-625FBE52EBFB}</UniqueIdentifier>
      <Extensions>h;hpp;hxx;hm;inl;inc;xsd</Extensions>
    </Filter>
    <Filter Include="Header Files">
      <UniqueIdentifier>{93995380-89BD-4b04-88EB-625FBE52EBFB}</UniqueIdentifier>
      <Extensions>h;hpp;hxx;hm;inl;inc;xsd</Extensions>
    </Filter>
    <Filter Include="Source Files">
      <UniqueIdentifier>{4FC737F1-C7A5-4376-A066-2A32D752A2FF}</UniqueIdentifier>
      <Extensions>cpp;c;cxx;def;odl;idl;hpj;bat;asm;asmx</Extensions>
    </Filter>
    <Filter Include="Source Files">
      <UniqueIdentifier>{4FC737F1-C7A5-4376-A066-2A32D752A2FF}</UniqueIdentifier>
      <Extensions>cpp;c;cxx;def;odl;idl;hpj;bat;asm;asmx</Extensions>
    </Filter>
    <Filter Include="Distribution Files">
      <UniqueIdentifier>{B83CAF91-C7BF-462F-B76C-EA11631F866C}</UniqueIdentifier>
      <Extensions>*</Extensions>
      <ParseFiles>false</ParseFiles>
    </Filter>
    <Filter Include="Distribution Files">
      <UniqueIdentifier>{B83CAF91-C7BF-462F-B76C-EA11631F866C}</UniqueIdentifier>
      <Extensions>*</Extensions>
      <ParseFiles>false</ParseFiles>
    </Filter>
  </ItemGroup>
  <ItemGroup>
    <ClCompile Include="Widgets\addcomponentwidget.cpp">
      <Filter>Source Files</Filter>
    </ClCompile>
    <ClCompile Include="app.cpp">
      <Filter>Source Files</Filter>
    </ClCompile>
    <ClCompile Include="Components\bspline.cpp">
      <Filter>Source Files</Filter>
    </ClCompile>
    <ClCompile Include="bsplinecurve.cpp">
      <Filter>Source Files</Filter>
    </ClCompile>
    <ClCompile Include="Systems\bsplinesystem.cpp">
      <Filter>Source Files</Filter>
    </ClCompile>
    <ClCompile Include="Widgets\bsplinewidget.cpp">
      <Filter>Source Files</Filter>
    </ClCompile>
    <ClCompile Include="Components\camera.cpp">
      <Filter>Source Files</Filter>
    </ClCompile>
    <ClCompile Include="Systems\camerasystem.cpp">
      <Filter>Source Files</Filter>
    </ClCompile>
    <ClCompile Include="Components\collision.cpp">
      <Filter>Source Files</Filter>
    </ClCompile>
    <ClCompile Include="Systems\collisionsystem.cpp">
      <Filter>Source Files</Filter>
    </ClCompile>
    <ClCompile Include="Widgets\collisionwidget.cpp">
      <Filter>Source Files</Filter>
    </ClCompile>
    <ClCompile Include="Shaders\colorshader.cpp">
      <Filter>Source Files</Filter>
    </ClCompile>
    <ClCompile Include="Components\component.cpp">
      <Filter>Source Files</Filter>
    </ClCompile>
    <ClCompile Include="Components\entitydata.cpp">
      <Filter>Source Files</Filter>
    </ClCompile>
    <ClCompile Include="eventhandler.cpp">
      <Filter>Source Files</Filter>
    </ClCompile>
    <ClCompile Include="GSL\gsl_math.cpp">
      <Filter>Source Files</Filter>
    </ClCompile>
    <ClCompile Include="GSL\gsl_math_extensions.cpp">
      <Filter>Source Files</Filter>
    </ClCompile>
    <ClCompile Include="Components\gui.cpp">
      <Filter>Source Files</Filter>
    </ClCompile>
    <ClCompile Include="Factories\guifactory.cpp">
      <Filter>Source Files</Filter>
    </ClCompile>
    <ClCompile Include="Shaders\guishader.cpp">
      <Filter>Source Files</Filter>
    </ClCompile>
    <ClCompile Include="Widgets\guiwidget.cpp">
      <Filter>Source Files</Filter>
    </ClCompile>
    <ClCompile Include="Components\input.cpp">
      <Filter>Source Files</Filter>
    </ClCompile>
    <ClCompile Include="Systems\inputsystem.cpp">
      <Filter>Source Files</Filter>
    </ClCompile>
    <ClCompile Include="Widgets\inputwidget.cpp">
      <Filter>Source Files</Filter>
    </ClCompile>
    <ClCompile Include="jsonscene.cpp">
      <Filter>Source Files</Filter>
    </ClCompile>
    <ClCompile Include="Script\jstimer.cpp">
      <Filter>Source Files</Filter>
    </ClCompile>
    <ClCompile Include="Components\light.cpp">
      <Filter>Source Files</Filter>
    </ClCompile>
    <ClCompile Include="main.cpp">
      <Filter>Source Files</Filter>
    </ClCompile>
    <ClCompile Include="mainwindow.cpp">
      <Filter>Source Files</Filter>
    </ClCompile>
    <ClCompile Include="Components\material.cpp">
      <Filter>Source Files</Filter>
    </ClCompile>
    <ClCompile Include="Widgets\materialwidget.cpp">
      <Filter>Source Files</Filter>
    </ClCompile>
    <ClCompile Include="GSL\matrix2x2.cpp">
      <Filter>Source Files</Filter>
    </ClCompile>
    <ClCompile Include="GSL\matrix3x3.cpp">
      <Filter>Source Files</Filter>
    </ClCompile>
    <ClCompile Include="GSL\matrix4x4.cpp">
      <Filter>Source Files</Filter>
    </ClCompile>
    <ClCompile Include="Components\mesh.cpp">
      <Filter>Source Files</Filter>
    </ClCompile>
    <ClCompile Include="Widgets\meshwidget.cpp">
      <Filter>Source Files</Filter>
    </ClCompile>
    <ClCompile Include="Components\npc.cpp">
      <Filter>Source Files</Filter>
    </ClCompile>
    <ClCompile Include="Systems\npcsystem.cpp">
      <Filter>Source Files</Filter>
    </ClCompile>
    <ClCompile Include="octahedronball.cpp">
      <Filter>Source Files</Filter>
    </ClCompile>
    <ClCompile Include="Shaders\phongshader.cpp">
      <Filter>Source Files</Filter>
    </ClCompile>
    <ClCompile Include="Shaders\plainshader.cpp">
      <Filter>Source Files</Filter>
    </ClCompile>
    <ClCompile Include="Components\projectile.cpp">
      <Filter>Source Files</Filter>
    </ClCompile>
    <ClCompile Include="Systems\projectilesystem.cpp">
      <Filter>Source Files</Filter>
    </ClCompile>
    <ClCompile Include="Widgets\projectilewidget.cpp">
      <Filter>Source Files</Filter>
    </ClCompile>
    <ClCompile Include="Systems\rendersystem.cpp">
      <Filter>Source Files</Filter>
    </ClCompile>
    <ClCompile Include="Systems\rendersystem2d.cpp">
      <Filter>Source Files</Filter>
    </ClCompile>
    <ClCompile Include="renderwindow.cpp">
      <Filter>Source Files</Filter>
    </ClCompile>
    <ClCompile Include="Factories\resourcefactory.cpp">
      <Filter>Source Files</Filter>
    </ClCompile>
    <ClCompile Include="Systems\scenesystem.cpp">
      <Filter>Source Files</Filter>
    </ClCompile>
    <ClCompile Include="Components\script.cpp">
      <Filter>Source Files</Filter>
    </ClCompile>
    <ClCompile Include="Systems\scriptsystem.cpp">
      <Filter>Source Files</Filter>
    </ClCompile>
    <ClCompile Include="Widgets\scriptwidget.cpp">
      <Filter>Source Files</Filter>
    </ClCompile>
    <ClCompile Include="Shaders\shader.cpp">
      <Filter>Source Files</Filter>
    </ClCompile>
    <ClCompile Include="Managers\shadermanager.cpp">
      <Filter>Source Files</Filter>
    </ClCompile>
    <ClCompile Include="Components\sound.cpp">
      <Filter>Source Files</Filter>
    </ClCompile>
    <ClCompile Include="Managers\soundmanager.cpp">
      <Filter>Source Files</Filter>
    </ClCompile>
    <ClCompile Include="soundsource.cpp">
      <Filter>Source Files</Filter>
    </ClCompile>
    <ClCompile Include="Systems\soundsystem.cpp">
      <Filter>Source Files</Filter>
    </ClCompile>
    <ClCompile Include="Widgets\soundwidget.cpp">
      <Filter>Source Files</Filter>
    </ClCompile>
    <ClCompile Include="Systems\system.cpp">
      <Filter>Source Files</Filter>
    </ClCompile>
    <ClCompile Include="texture.cpp">
      <Filter>Source Files</Filter>
    </ClCompile>
    <ClCompile Include="Factories\texturefactory.cpp">
      <Filter>Source Files</Filter>
    </ClCompile>
    <ClCompile Include="Shaders\textureshader.cpp">
      <Filter>Source Files</Filter>
    </ClCompile>
    <ClCompile Include="Components\transform.cpp">
      <Filter>Source Files</Filter>
    </ClCompile>
    <ClCompile Include="Widgets\transformwidget.cpp">
      <Filter>Source Files</Filter>
    </ClCompile>
    <ClCompile Include="GSL\vector2d.cpp">
      <Filter>Source Files</Filter>
    </ClCompile>
    <ClCompile Include="GSL\vector3d.cpp">
      <Filter>Source Files</Filter>
    </ClCompile>
    <ClCompile Include="Windows\vector3dpicker.cpp">
      <Filter>Source Files</Filter>
    </ClCompile>
    <ClCompile Include="GSL\vector4d.cpp">
      <Filter>Source Files</Filter>
    </ClCompile>
    <ClCompile Include="vertex.cpp">
      <Filter>Source Files</Filter>
    </ClCompile>
    <ClCompile Include="Handlers\wavfilehandler.cpp">
      <Filter>Source Files</Filter>
    </ClCompile>
    <ClCompile Include="world.cpp">
      <Filter>Source Files</Filter>
    </ClCompile>
  </ItemGroup>
  <ItemGroup>
    <QtMoc Include="Widgets\addcomponentwidget.h">
      <Filter>Header Files</Filter>
    </QtMoc>
    <ClInclude Include="Components\allcomponents.h">
      <Filter>Header Files</Filter>
    </ClInclude>
    <ClInclude Include="Widgets\allcomponentwidgets.h">
      <Filter>Header Files</Filter>
    </ClInclude>
    <ClInclude Include="Systems\allsystems.h">
      <Filter>Header Files</Filter>
    </ClInclude>
    <QtMoc Include="app.h">
      <Filter>Header Files</Filter>
    </QtMoc>
    <ClInclude Include="Components\bspline.h">
      <Filter>Header Files</Filter>
    </ClInclude>
    <ClInclude Include="bsplinecurve.h">
      <Filter>Header Files</Filter>
    </ClInclude>
    <ClInclude Include="Systems\bsplinesystem.h">
      <Filter>Header Files</Filter>
    </ClInclude>
    <QtMoc Include="Widgets\bsplinewidget.h">
      <Filter>Header Files</Filter>
    </QtMoc>
    <ClInclude Include="Components\camera.h">
      <Filter>Header Files</Filter>
    </ClInclude>
    <ClInclude Include="Systems\camerasystem.h">
      <Filter>Header Files</Filter>
    </ClInclude>
    <ClInclude Include="Components\collision.h">
      <Filter>Header Files</Filter>
    </ClInclude>
    <QtMoc Include="Systems\collisionsystem.h">
      <Filter>Header Files</Filter>
    </QtMoc>
    <QtMoc Include="Widgets\collisionwidget.h">
      <Filter>Header Files</Filter>
    </QtMoc>
    <ClInclude Include="Shaders\colorshader.h">
      <Filter>Header Files</Filter>
    </ClInclude>
    <ClInclude Include="Components\component.h">
      <Filter>Header Files</Filter>
    </ClInclude>
    <ClInclude Include="Components\componentArray.h">
      <Filter>Header Files</Filter>
    </ClInclude>
    <ClInclude Include="Managers\componentManager.h">
      <Filter>Header Files</Filter>
    </ClInclude>
    <ClInclude Include="constants.h">
      <Filter>Header Files</Filter>
    </ClInclude>
    <ClInclude Include="Components\entitydata.h">
      <Filter>Header Files</Filter>
    </ClInclude>
    <ClInclude Include="Managers\entitymanager.h">
      <Filter>Header Files</Filter>
    </ClInclude>
    <QtMoc Include="eventhandler.h">
      <Filter>Header Files</Filter>
    </QtMoc>
    <ClInclude Include="gltypes.h">
      <Filter>Header Files</Filter>
    </ClInclude>
    <ClInclude Include="GSL\gsl_math.h">
      <Filter>Header Files</Filter>
    </ClInclude>
    <ClInclude Include="GSL\gsl_math_extensions.h">
      <Filter>Header Files</Filter>
    </ClInclude>
    <ClInclude Include="Components\gui.h">
      <Filter>Header Files</Filter>
    </ClInclude>
    <ClInclude Include="Factories\guifactory.h">
      <Filter>Header Files</Filter>
    </ClInclude>
    <ClInclude Include="Shaders\guishader.h">
      <Filter>Header Files</Filter>
    </ClInclude>
    <QtMoc Include="Widgets\guiwidget.h">
      <Filter>Header Files</Filter>
    </QtMoc>
    <ClInclude Include="hitresult.h">
      <Filter>Header Files</Filter>
    </ClInclude>
    <ClInclude Include="Components\input.h">
      <Filter>Header Files</Filter>
    </ClInclude>
    <ClInclude Include="Systems\inputsystem.h">
      <Filter>Header Files</Filter>
    </ClInclude>
    <QtMoc Include="Widgets\inputwidget.h">
      <Filter>Header Files</Filter>
    </QtMoc>
    <ClInclude Include="jsonscene.h">
      <Filter>Header Files</Filter>
    </ClInclude>
    <QtMoc Include="Script\jstimer.h">
      <Filter>Header Files</Filter>
    </QtMoc>
    <ClInclude Include="Components\light.h">
      <Filter>Header Files</Filter>
    </ClInclude>
    <QtMoc Include="mainwindow.h">
      <Filter>Header Files</Filter>
    </QtMoc>
    <ClInclude Include="Components\material.h">
      <Filter>Header Files</Filter>
    </ClInclude>
    <QtMoc Include="Widgets\materialwidget.h">
      <Filter>Header Files</Filter>
    </QtMoc>
    <ClInclude Include="GSL\math_constants.h">
      <Filter>Header Files</Filter>
    </ClInclude>
    <ClInclude Include="GSL\matrix2x2.h">
      <Filter>Header Files</Filter>
    </ClInclude>
    <ClInclude Include="GSL\matrix3x3.h">
      <Filter>Header Files</Filter>
    </ClInclude>
    <ClInclude Include="GSL\matrix4x4.h">
      <Filter>Header Files</Filter>
    </ClInclude>
    <ClInclude Include="Components\mesh.h">
      <Filter>Header Files</Filter>
    </ClInclude>
    <QtMoc Include="Widgets\meshwidget.h">
      <Filter>Header Files</Filter>
    </QtMoc>
    <ClInclude Include="Components\npc.h">
      <Filter>Header Files</Filter>
    </ClInclude>
    <ClInclude Include="Systems\npcsystem.h">
      <Filter>Header Files</Filter>
    </ClInclude>
    <ClInclude Include="octahedronball.h">
      <Filter>Header Files</Filter>
    </ClInclude>
    <ClInclude Include="Shaders\phongshader.h">
      <Filter>Header Files</Filter>
    </ClInclude>
    <ClInclude Include="Shaders\plainshader.h">
      <Filter>Header Files</Filter>
    </ClInclude>
    <ClInclude Include="Components\projectile.h">
      <Filter>Header Files</Filter>
    </ClInclude>
    <ClInclude Include="Systems\projectilesystem.h">
      <Filter>Header Files</Filter>
    </ClInclude>
    <QtMoc Include="Widgets\projectilewidget.h">
      <Filter>Header Files</Filter>
    </QtMoc>
    <ClInclude Include="Systems\rendersystem.h">
      <Filter>Header Files</Filter>
    </ClInclude>
    <ClInclude Include="Systems\rendersystem2d.h">
      <Filter>Header Files</Filter>
    </ClInclude>
    <QtMoc Include="renderwindow.h">
      <Filter>Header Files</Filter>
    </QtMoc>
    <ClInclude Include="Factories\resourcefactory.h">
      <Filter>Header Files</Filter>
    </ClInclude>
    <ClInclude Include="Systems\scenesystem.h">
      <Filter>Header Files</Filter>
    </ClInclude>
    <ClInclude Include="Components\script.h">
      <Filter>Header Files</Filter>
    </ClInclude>
    <QtMoc Include="Systems\scriptsystem.h">
      <Filter>Header Files</Filter>
    </QtMoc>
    <QtMoc Include="Widgets\scriptwidget.h">
      <Filter>Header Files</Filter>
    </QtMoc>
    <ClInclude Include="Shaders\shader.h">
      <Filter>Header Files</Filter>
    </ClInclude>
    <ClInclude Include="Managers\shadermanager.h">
      <Filter>Header Files</Filter>
    </ClInclude>
    <ClInclude Include="Components\sound.h">
      <Filter>Header Files</Filter>
    </ClInclude>
    <ClInclude Include="Managers\soundmanager.h">
      <Filter>Header Files</Filter>
    </ClInclude>
    <ClInclude Include="soundsource.h">
      <Filter>Header Files</Filter>
    </ClInclude>
    <ClInclude Include="Systems\soundsystem.h">
      <Filter>Header Files</Filter>
    </ClInclude>
    <QtMoc Include="Widgets\soundwidget.h">
      <Filter>Header Files</Filter>
    </QtMoc>
    <QtMoc Include="Systems\system.h">
      <Filter>Header Files</Filter>
    </QtMoc>
    <ClInclude Include="Managers\systemManager.h">
      <Filter>Header Files</Filter>
    </ClInclude>
    <ClInclude Include="texture.h">
      <Filter>Header Files</Filter>
    </ClInclude>
    <ClInclude Include="Factories\texturefactory.h">
      <Filter>Header Files</Filter>
    </ClInclude>
    <ClInclude Include="Shaders\textureshader.h">
      <Filter>Header Files</Filter>
    </ClInclude>
    <ClInclude Include="Components\transform.h">
      <Filter>Header Files</Filter>
    </ClInclude>
    <QtMoc Include="Widgets\transformwidget.h">
      <Filter>Header Files</Filter>
    </QtMoc>
    <ClInclude Include="types.h">
      <Filter>Header Files</Filter>
    </ClInclude>
    <ClInclude Include="GSL\vector2d.h">
      <Filter>Header Files</Filter>
    </ClInclude>
    <ClInclude Include="GSL\vector3d.h">
      <Filter>Header Files</Filter>
    </ClInclude>
    <QtMoc Include="Windows\vector3dpicker.h">
      <Filter>Header Files</Filter>
    </QtMoc>
    <ClInclude Include="GSL\vector4d.h">
      <Filter>Header Files</Filter>
    </ClInclude>
    <ClInclude Include="vertex.h">
      <Filter>Header Files</Filter>
    </ClInclude>
    <ClInclude Include="Handlers\wavfilehandler.h">
      <Filter>Header Files</Filter>
    </ClInclude>
    <QtMoc Include="world.h">
      <Filter>Header Files</Filter>
    </QtMoc>
  </ItemGroup>
  <ItemGroup>
    
    
    
    
    
    
    
    
    
    
    
    
    
    
    
    
    
    
    
    
    
    
    
    
    <CustomBuild Include="debug\moc_predefs.h.cbt">
      <Filter>Generated Files</Filter>
    </CustomBuild>
    <CustomBuild Include="release\moc_predefs.h.cbt">
      <Filter>Generated Files</Filter>
    </CustomBuild>
    
    
    
    
    
    
    
    
    
    
    
    
    
    
    
    
    
    
    
    
    
    
    
    
    
    
    
    
    
    
    
  </ItemGroup>
  <ItemGroup>
    <QtUic Include="Widgets\addcomponentwidget.ui">
      <Filter>Form Files</Filter>
    </QtUic>
    <QtUic Include="Widgets\bsplinewidget.ui">
      <Filter>Form Files</Filter>
    </QtUic>
    <QtUic Include="Widgets\collisionwidget.ui">
      <Filter>Form Files</Filter>
    </QtUic>
    <QtUic Include="Widgets\guiwidget.ui">
      <Filter>Form Files</Filter>
    </QtUic>
    <QtUic Include="Widgets\inputwidget.ui">
      <Filter>Form Files</Filter>
    </QtUic>
    <QtUic Include="mainwindow.ui">
      <Filter>Form Files</Filter>
    </QtUic>
    <QtUic Include="Widgets\materialwidget.ui">
      <Filter>Form Files</Filter>
    </QtUic>
    <QtUic Include="Widgets\meshwidget.ui">
      <Filter>Form Files</Filter>
    </QtUic>
    <QtUic Include="Widgets\projectilewidget.ui">
      <Filter>Form Files</Filter>
    </QtUic>
    <QtUic Include="Widgets\scriptwidget.ui">
      <Filter>Form Files</Filter>
    </QtUic>
    <QtUic Include="Widgets\soundwidget.ui">
      <Filter>Form Files</Filter>
    </QtUic>
    <QtUic Include="Widgets\transformwidget.ui">
      <Filter>Form Files</Filter>
    </QtUic>
    <QtUic Include="Windows\vector3dpicker.ui">
      <Filter>Form Files</Filter>
    </QtUic>
  </ItemGroup>
  <ItemGroup>
    <None Include="GSL\README.md">
      <Filter>Distribution Files</Filter>
    </None>
    <None Include="README.md">
      <Filter>Distribution Files</Filter>
    </None>
    <None Include="Shaders\colorshader.frag">
      <Filter>Distribution Files</Filter>
    </None>
    <None Include="Shaders\colorshader.vert">
      <Filter>Distribution Files</Filter>
    </None>
    <None Include="Shaders\guishader.frag">
      <Filter>Distribution Files</Filter>
    </None>
    <None Include="Shaders\guishader.vert">
      <Filter>Distribution Files</Filter>
    </None>
    <None Include="Shaders\phongshader.frag">
      <Filter>Distribution Files</Filter>
    </None>
    <None Include="Shaders\phongshader.vert">
      <Filter>Distribution Files</Filter>
    </None>
    <None Include="Shaders\plainshader.frag">
      <Filter>Distribution Files</Filter>
    </None>
    <None Include="Shaders\plainshader.vert">
      <Filter>Distribution Files</Filter>
    </None>
    <None Include="Shaders\textureshader.frag">
      <Filter>Distribution Files</Filter>
    </None>
    <None Include="Shaders\textureshader.vert">
      <Filter>Distribution Files</Filter>
    </None>
  </ItemGroup>
</Project>